
Microsoft Visual Studio Solution File, Format Version 12.00
# Visual Studio 14
VisualStudioVersion = 14.0.23107.0
MinimumVisualStudioVersion = 10.0.40219.1
Project("{FAE04EC0-301F-11D3-BF4B-00C04F79EFBC}") = "PositiveIIntegers", "PositiveIIntegers\PositiveIIntegers.csproj", "{20779B3B-B442-4AAD-8BF9-E2DA0E879598}"
EndProject
Project("{FAE04EC0-301F-11D3-BF4B-00C04F79EFBC}") = "StackReverse", "StackReverse\StackReverse.csproj", "{95AB7245-4F07-4198-A6B3-09807EF569BB}"
EndProject
Project("{FAE04EC0-301F-11D3-BF4B-00C04F79EFBC}") = "Task3", "Task3\Task3.csproj", "{8709F400-0061-485E-9A6D-2129B4934645}"
EndProject
Project("{FAE04EC0-301F-11D3-BF4B-00C04F79EFBC}") = "Task4", "Task4\Task4.csproj", "{171D3645-DE30-47F6-8EF3-8C619F2339A2}"
EndProject
Project("{FAE04EC0-301F-11D3-BF4B-00C04F79EFBC}") = "Task5", "Task5\Task5.csproj", "{03C9D162-BAB3-4AA8-B129-4CD5F0A620B0}"
EndProject
Project("{FAE04EC0-301F-11D3-BF4B-00C04F79EFBC}") = "Task6", "Task6\Task6.csproj", "{B4C52EDA-1486-48C8-80A4-1A641ADC630F}"
EndProject
Project("{FAE04EC0-301F-11D3-BF4B-00C04F79EFBC}") = "Task7", "Task7\Task7.csproj", "{C787CDBB-0A24-4C2E-AC91-E49380F95669}"
EndProject
Project("{FAE04EC0-301F-11D3-BF4B-00C04F79EFBC}") = "Task8", "Task8\Task8.csproj", "{FD06C61E-1F6E-4488-A25D-A665FF84B0A5}"
EndProject
Project("{FAE04EC0-301F-11D3-BF4B-00C04F79EFBC}") = "Taks 9", "Taks 9\Taks 9.csproj", "{7491C94B-0247-48AD-8DB5-84E244FE4513}"
EndProject
Project("{FAE04EC0-301F-11D3-BF4B-00C04F79EFBC}") = "task10", "task10\task10.csproj", "{6A42D679-FED8-47D6-95C6-99515BD0BE09}"
EndProject
Project("{FAE04EC0-301F-11D3-BF4B-00C04F79EFBC}") = "Task11", "Task11\Task11.csproj", "{FF03377A-E8B7-4E83-8AAF-372D181AB24E}"
EndProject
Project("{FAE04EC0-301F-11D3-BF4B-00C04F79EFBC}") = "Task12", "Task12\Task12.csproj", "{AF61803A-20EB-4B43-A0E9-1A57CB9AAAC6}"
EndProject
Project("{FAE04EC0-301F-11D3-BF4B-00C04F79EFBC}") = "Task13", "Task13\Task13.csproj", "{2B51E59B-E695-4F43-8BA4-4CE7A690AAB7}"
EndProject
Project("{FAE04EC0-301F-11D3-BF4B-00C04F79EFBC}") = "Task14", "Task14\Task14.csproj", "{8C79DF63-C185-434B-B2BD-84F1554A574C}"
EndProject
Global
	GlobalSection(SolutionConfigurationPlatforms) = preSolution
		Debug|Any CPU = Debug|Any CPU
		Release|Any CPU = Release|Any CPU
	EndGlobalSection
	GlobalSection(ProjectConfigurationPlatforms) = postSolution
		{20779B3B-B442-4AAD-8BF9-E2DA0E879598}.Debug|Any CPU.ActiveCfg = Debug|Any CPU
		{20779B3B-B442-4AAD-8BF9-E2DA0E879598}.Debug|Any CPU.Build.0 = Debug|Any CPU
		{20779B3B-B442-4AAD-8BF9-E2DA0E879598}.Release|Any CPU.ActiveCfg = Release|Any CPU
		{20779B3B-B442-4AAD-8BF9-E2DA0E879598}.Release|Any CPU.Build.0 = Release|Any CPU
		{95AB7245-4F07-4198-A6B3-09807EF569BB}.Debug|Any CPU.ActiveCfg = Debug|Any CPU
		{95AB7245-4F07-4198-A6B3-09807EF569BB}.Debug|Any CPU.Build.0 = Debug|Any CPU
		{95AB7245-4F07-4198-A6B3-09807EF569BB}.Release|Any CPU.ActiveCfg = Release|Any CPU
		{95AB7245-4F07-4198-A6B3-09807EF569BB}.Release|Any CPU.Build.0 = Release|Any CPU
		{8709F400-0061-485E-9A6D-2129B4934645}.Debug|Any CPU.ActiveCfg = Debug|Any CPU
		{8709F400-0061-485E-9A6D-2129B4934645}.Debug|Any CPU.Build.0 = Debug|Any CPU
		{8709F400-0061-485E-9A6D-2129B4934645}.Release|Any CPU.ActiveCfg = Release|Any CPU
		{8709F400-0061-485E-9A6D-2129B4934645}.Release|Any CPU.Build.0 = Release|Any CPU
		{171D3645-DE30-47F6-8EF3-8C619F2339A2}.Debug|Any CPU.ActiveCfg = Debug|Any CPU
		{171D3645-DE30-47F6-8EF3-8C619F2339A2}.Debug|Any CPU.Build.0 = Debug|Any CPU
		{171D3645-DE30-47F6-8EF3-8C619F2339A2}.Release|Any CPU.ActiveCfg = Release|Any CPU
		{171D3645-DE30-47F6-8EF3-8C619F2339A2}.Release|Any CPU.Build.0 = Release|Any CPU
		{03C9D162-BAB3-4AA8-B129-4CD5F0A620B0}.Debug|Any CPU.ActiveCfg = Debug|Any CPU
		{03C9D162-BAB3-4AA8-B129-4CD5F0A620B0}.Debug|Any CPU.Build.0 = Debug|Any CPU
		{03C9D162-BAB3-4AA8-B129-4CD5F0A620B0}.Release|Any CPU.ActiveCfg = Release|Any CPU
		{03C9D162-BAB3-4AA8-B129-4CD5F0A620B0}.Release|Any CPU.Build.0 = Release|Any CPU
		{B4C52EDA-1486-48C8-80A4-1A641ADC630F}.Debug|Any CPU.ActiveCfg = Debug|Any CPU
		{B4C52EDA-1486-48C8-80A4-1A641ADC630F}.Debug|Any CPU.Build.0 = Debug|Any CPU
		{B4C52EDA-1486-48C8-80A4-1A641ADC630F}.Release|Any CPU.ActiveCfg = Release|Any CPU
		{B4C52EDA-1486-48C8-80A4-1A641ADC630F}.Release|Any CPU.Build.0 = Release|Any CPU
		{C787CDBB-0A24-4C2E-AC91-E49380F95669}.Debug|Any CPU.ActiveCfg = Debug|Any CPU
		{C787CDBB-0A24-4C2E-AC91-E49380F95669}.Debug|Any CPU.Build.0 = Debug|Any CPU
		{C787CDBB-0A24-4C2E-AC91-E49380F95669}.Release|Any CPU.ActiveCfg = Release|Any CPU
		{C787CDBB-0A24-4C2E-AC91-E49380F95669}.Release|Any CPU.Build.0 = Release|Any CPU
		{FD06C61E-1F6E-4488-A25D-A665FF84B0A5}.Debug|Any CPU.ActiveCfg = Debug|Any CPU
		{FD06C61E-1F6E-4488-A25D-A665FF84B0A5}.Debug|Any CPU.Build.0 = Debug|Any CPU
		{FD06C61E-1F6E-4488-A25D-A665FF84B0A5}.Release|Any CPU.ActiveCfg = Release|Any CPU
		{FD06C61E-1F6E-4488-A25D-A665FF84B0A5}.Release|Any CPU.Build.0 = Release|Any CPU
		{7491C94B-0247-48AD-8DB5-84E244FE4513}.Debug|Any CPU.ActiveCfg = Debug|Any CPU
		{7491C94B-0247-48AD-8DB5-84E244FE4513}.Debug|Any CPU.Build.0 = Debug|Any CPU
		{7491C94B-0247-48AD-8DB5-84E244FE4513}.Release|Any CPU.ActiveCfg = Release|Any CPU
		{7491C94B-0247-48AD-8DB5-84E244FE4513}.Release|Any CPU.Build.0 = Release|Any CPU
		{6A42D679-FED8-47D6-95C6-99515BD0BE09}.Debug|Any CPU.ActiveCfg = Debug|Any CPU
		{6A42D679-FED8-47D6-95C6-99515BD0BE09}.Debug|Any CPU.Build.0 = Debug|Any CPU
		{6A42D679-FED8-47D6-95C6-99515BD0BE09}.Release|Any CPU.ActiveCfg = Release|Any CPU
		{6A42D679-FED8-47D6-95C6-99515BD0BE09}.Release|Any CPU.Build.0 = Release|Any CPU
		{FF03377A-E8B7-4E83-8AAF-372D181AB24E}.Debug|Any CPU.ActiveCfg = Debug|Any CPU
		{FF03377A-E8B7-4E83-8AAF-372D181AB24E}.Debug|Any CPU.Build.0 = Debug|Any CPU
		{FF03377A-E8B7-4E83-8AAF-372D181AB24E}.Release|Any CPU.ActiveCfg = Release|Any CPU
		{FF03377A-E8B7-4E83-8AAF-372D181AB24E}.Release|Any CPU.Build.0 = Release|Any CPU
		{AF61803A-20EB-4B43-A0E9-1A57CB9AAAC6}.Debug|Any CPU.ActiveCfg = Debug|Any CPU
		{AF61803A-20EB-4B43-A0E9-1A57CB9AAAC6}.Debug|Any CPU.Build.0 = Debug|Any CPU
		{AF61803A-20EB-4B43-A0E9-1A57CB9AAAC6}.Release|Any CPU.ActiveCfg = Release|Any CPU
		{AF61803A-20EB-4B43-A0E9-1A57CB9AAAC6}.Release|Any CPU.Build.0 = Release|Any CPU
		{2B51E59B-E695-4F43-8BA4-4CE7A690AAB7}.Debug|Any CPU.ActiveCfg = Debug|Any CPU
		{2B51E59B-E695-4F43-8BA4-4CE7A690AAB7}.Debug|Any CPU.Build.0 = Debug|Any CPU
		{2B51E59B-E695-4F43-8BA4-4CE7A690AAB7}.Release|Any CPU.ActiveCfg = Release|Any CPU
		{2B51E59B-E695-4F43-8BA4-4CE7A690AAB7}.Release|Any CPU.Build.0 = Release|Any CPU
		{8C79DF63-C185-434B-B2BD-84F1554A574C}.Debug|Any CPU.ActiveCfg = Debug|Any CPU
		{8C79DF63-C185-434B-B2BD-84F1554A574C}.Debug|Any CPU.Build.0 = Debug|Any CPU
		{8C79DF63-C185-434B-B2BD-84F1554A574C}.Release|Any CPU.ActiveCfg = Release|Any CPU
		{8C79DF63-C185-434B-B2BD-84F1554A574C}.Release|Any CPU.Build.0 = Release|Any CPU
	EndGlobalSection
	GlobalSection(SolutionProperties) = preSolution
		HideSolutionNode = FALSE
	EndGlobalSection
EndGlobal
